
Microsoft Visual Studio Solution File, Format Version 12.00
# Visual Studio Version 17
VisualStudioVersion = 17.14.36221.1 d17.14
MinimumVisualStudioVersion = 10.0.40219.1
Project("{FAE04EC0-301F-11D3-BF4B-00C04F79EFBC}") = "reserva-de-sala-dsm", "reserva-de-sala-dsm\reserva-de-sala-dsm.csproj", "{27EB804B-3689-491B-AF17-33CCAA83313F}"
EndProject
Global
	GlobalSection(SolutionConfigurationPlatforms) = preSolution
		Debug|Any CPU = Debug|Any CPU
		Release|Any CPU = Release|Any CPU
	EndGlobalSection
	GlobalSection(ProjectConfigurationPlatforms) = postSolution
		{27EB804B-3689-491B-AF17-33CCAA83313F}.Debug|Any CPU.ActiveCfg = Debug|Any CPU
		{27EB804B-3689-491B-AF17-33CCAA83313F}.Debug|Any CPU.Build.0 = Debug|Any CPU
		{27EB804B-3689-491B-AF17-33CCAA83313F}.Release|Any CPU.ActiveCfg = Release|Any CPU
		{27EB804B-3689-491B-AF17-33CCAA83313F}.Release|Any CPU.Build.0 = Release|Any CPU
	EndGlobalSection
	GlobalSection(SolutionProperties) = preSolution
		HideSolutionNode = FALSE
	EndGlobalSection
	GlobalSection(ExtensibilityGlobals) = postSolution
		SolutionGuid = {D20A160B-9C38-4763-B90B-F86EFAE6A947}
	EndGlobalSection
EndGlobal
